// !$*UTF8*$!
{
	archiveVersion = 1;
	classes = {
	};
	objectVersion = 46;
	objects = {

/* Begin PBXBuildFile section */
		EDA1A8511E3A6970001F1CBC /* AppDelegate.swift in Sources */ = {isa = PBXBuildFile; fileRef = EDA1A8501E3A6970001F1CBC /* AppDelegate.swift */; };
		EDA1A8531E3A6970001F1CBC /* ClockViewController.swift in Sources */ = {isa = PBXBuildFile; fileRef = EDA1A8521E3A6970001F1CBC /* ClockViewController.swift */; };
		EDA1A8561E3A6970001F1CBC /* Main.storyboard in Resources */ = {isa = PBXBuildFile; fileRef = EDA1A8541E3A6970001F1CBC /* Main.storyboard */; };
		EDA1A8581E3A6970001F1CBC /* Assets.xcassets in Resources */ = {isa = PBXBuildFile; fileRef = EDA1A8571E3A6970001F1CBC /* Assets.xcassets */; };
		EDA1A85B1E3A6970001F1CBC /* LaunchScreen.storyboard in Resources */ = {isa = PBXBuildFile; fileRef = EDA1A8591E3A6970001F1CBC /* LaunchScreen.storyboard */; };
		EDA1A8661E3A6971001F1CBC /* ChessTimerTests.swift in Sources */ = {isa = PBXBuildFile; fileRef = EDA1A8651E3A6971001F1CBC /* ChessTimerTests.swift */; };
		EDA1A8711E3A6971001F1CBC /* ChessTimerUITests.swift in Sources */ = {isa = PBXBuildFile; fileRef = EDA1A8701E3A6971001F1CBC /* ChessTimerUITests.swift */; };
		EDA1A8821E3A71BC001F1CBC /* PlayerTimerView.swift in Sources */ = {isa = PBXBuildFile; fileRef = EDA1A8811E3A71BC001F1CBC /* PlayerTimerView.swift */; };
		EDA1A8841E3A722D001F1CBC /* ClockFaceView.swift in Sources */ = {isa = PBXBuildFile; fileRef = EDA1A8831E3A722D001F1CBC /* ClockFaceView.swift */; };
		EDA1A8861E3A7406001F1CBC /* PlayerTimer.swift in Sources */ = {isa = PBXBuildFile; fileRef = EDA1A8851E3A7406001F1CBC /* PlayerTimer.swift */; };
		EDA1A8881E3A741E001F1CBC /* GameTimer.swift in Sources */ = {isa = PBXBuildFile; fileRef = EDA1A8871E3A741E001F1CBC /* GameTimer.swift */; };
		EDA1A88A1E3A7955001F1CBC /* Drawable.swift in Sources */ = {isa = PBXBuildFile; fileRef = EDA1A8891E3A7955001F1CBC /* Drawable.swift */; };
		EDA1A8921E3A8188001F1CBC /* ClockFace.swift in Sources */ = {isa = PBXBuildFile; fileRef = EDA1A8911E3A8188001F1CBC /* ClockFace.swift */; };
		EDA1A8961E3B4E16001F1CBC /* TrianglePointerView.swift in Sources */ = {isa = PBXBuildFile; fileRef = EDA1A8951E3B4E16001F1CBC /* TrianglePointerView.swift */; };
		EDA1A8981E3B5090001F1CBC /* CoreGraphics+Geometry.swift in Sources */ = {isa = PBXBuildFile; fileRef = EDA1A8971E3B5090001F1CBC /* CoreGraphics+Geometry.swift */; };
		EDDE1DB61E45047200652D66 /* chime_bell_ding.wav in Resources */ = {isa = PBXBuildFile; fileRef = EDDE1DB31E45047200652D66 /* chime_bell_ding.wav */; };
		EDDE1DB71E45047200652D66 /* click_04.wav in Resources */ = {isa = PBXBuildFile; fileRef = EDDE1DB41E45047200652D66 /* click_04.wav */; };
		EDDE1DB81E45047200652D66 /* digi_plink.wav in Resources */ = {isa = PBXBuildFile; fileRef = EDDE1DB51E45047200652D66 /* digi_plink.wav */; };
		EDEF06E21E43CA1800A69FC4 /* TimerTableViewController.swift in Sources */ = {isa = PBXBuildFile; fileRef = EDEF06E11E43CA1800A69FC4 /* TimerTableViewController.swift */; };
		EDEF06E41E4489EE00A69FC4 /* TimerPickerViewController.swift in Sources */ = {isa = PBXBuildFile; fileRef = EDEF06E31E4489EE00A69FC4 /* TimerPickerViewController.swift */; };
/* End PBXBuildFile section */

/* Begin PBXContainerItemProxy section */
		EDA1A8621E3A6971001F1CBC /* PBXContainerItemProxy */ = {
			isa = PBXContainerItemProxy;
			containerPortal = EDA1A8451E3A6970001F1CBC /* Project object */;
			proxyType = 1;
			remoteGlobalIDString = EDA1A84C1E3A6970001F1CBC;
			remoteInfo = ChessTimer;
		};
		EDA1A86D1E3A6971001F1CBC /* PBXContainerItemProxy */ = {
			isa = PBXContainerItemProxy;
			containerPortal = EDA1A8451E3A6970001F1CBC /* Project object */;
			proxyType = 1;
			remoteGlobalIDString = EDA1A84C1E3A6970001F1CBC;
			remoteInfo = ChessTimer;
		};
/* End PBXContainerItemProxy section */

/* Begin PBXFileReference section */
		EDA1A84D1E3A6970001F1CBC /* ChessTimer.app */ = {isa = PBXFileReference; explicitFileType = wrapper.application; includeInIndex = 0; path = ChessTimer.app; sourceTree = BUILT_PRODUCTS_DIR; };
		EDA1A8501E3A6970001F1CBC /* AppDelegate.swift */ = {isa = PBXFileReference; lastKnownFileType = sourcecode.swift; path = AppDelegate.swift; sourceTree = "<group>"; };
		EDA1A8521E3A6970001F1CBC /* ClockViewController.swift */ = {isa = PBXFileReference; lastKnownFileType = sourcecode.swift; path = ClockViewController.swift; sourceTree = "<group>"; };
		EDA1A8551E3A6970001F1CBC /* Base */ = {isa = PBXFileReference; lastKnownFileType = file.storyboard; name = Base; path = Base.lproj/Main.storyboard; sourceTree = "<group>"; };
		EDA1A8571E3A6970001F1CBC /* Assets.xcassets */ = {isa = PBXFileReference; lastKnownFileType = folder.assetcatalog; path = Assets.xcassets; sourceTree = "<group>"; };
		EDA1A85A1E3A6970001F1CBC /* Base */ = {isa = PBXFileReference; lastKnownFileType = file.storyboard; name = Base; path = Base.lproj/LaunchScreen.storyboard; sourceTree = "<group>"; };
		EDA1A85C1E3A6970001F1CBC /* Info.plist */ = {isa = PBXFileReference; lastKnownFileType = text.plist.xml; path = Info.plist; sourceTree = "<group>"; };
		EDA1A8611E3A6971001F1CBC /* ChessTimerTests.xctest */ = {isa = PBXFileReference; explicitFileType = wrapper.cfbundle; includeInIndex = 0; path = ChessTimerTests.xctest; sourceTree = BUILT_PRODUCTS_DIR; };
		EDA1A8651E3A6971001F1CBC /* ChessTimerTests.swift */ = {isa = PBXFileReference; lastKnownFileType = sourcecode.swift; path = ChessTimerTests.swift; sourceTree = "<group>"; };
		EDA1A8671E3A6971001F1CBC /* Info.plist */ = {isa = PBXFileReference; lastKnownFileType = text.plist.xml; path = Info.plist; sourceTree = "<group>"; };
		EDA1A86C1E3A6971001F1CBC /* ChessTimerUITests.xctest */ = {isa = PBXFileReference; explicitFileType = wrapper.cfbundle; includeInIndex = 0; path = ChessTimerUITests.xctest; sourceTree = BUILT_PRODUCTS_DIR; };
		EDA1A8701E3A6971001F1CBC /* ChessTimerUITests.swift */ = {isa = PBXFileReference; lastKnownFileType = sourcecode.swift; path = ChessTimerUITests.swift; sourceTree = "<group>"; };
		EDA1A8721E3A6971001F1CBC /* Info.plist */ = {isa = PBXFileReference; lastKnownFileType = text.plist.xml; path = Info.plist; sourceTree = "<group>"; };
		EDA1A8811E3A71BC001F1CBC /* PlayerTimerView.swift */ = {isa = PBXFileReference; fileEncoding = 4; lastKnownFileType = sourcecode.swift; path = PlayerTimerView.swift; sourceTree = "<group>"; };
		EDA1A8831E3A722D001F1CBC /* ClockFaceView.swift */ = {isa = PBXFileReference; fileEncoding = 4; lastKnownFileType = sourcecode.swift; path = ClockFaceView.swift; sourceTree = "<group>"; };
		EDA1A8851E3A7406001F1CBC /* PlayerTimer.swift */ = {isa = PBXFileReference; fileEncoding = 4; lastKnownFileType = sourcecode.swift; path = PlayerTimer.swift; sourceTree = "<group>"; };
		EDA1A8871E3A741E001F1CBC /* GameTimer.swift */ = {isa = PBXFileReference; fileEncoding = 4; lastKnownFileType = sourcecode.swift; path = GameTimer.swift; sourceTree = "<group>"; };
		EDA1A8891E3A7955001F1CBC /* Drawable.swift */ = {isa = PBXFileReference; fileEncoding = 4; lastKnownFileType = sourcecode.swift; path = Drawable.swift; sourceTree = "<group>"; };
		EDA1A8911E3A8188001F1CBC /* ClockFace.swift */ = {isa = PBXFileReference; fileEncoding = 4; lastKnownFileType = sourcecode.swift; path = ClockFace.swift; sourceTree = "<group>"; };
		EDA1A8951E3B4E16001F1CBC /* TrianglePointerView.swift */ = {isa = PBXFileReference; fileEncoding = 4; lastKnownFileType = sourcecode.swift; path = TrianglePointerView.swift; sourceTree = "<group>"; };
		EDA1A8971E3B5090001F1CBC /* CoreGraphics+Geometry.swift */ = {isa = PBXFileReference; fileEncoding = 4; lastKnownFileType = sourcecode.swift; path = "CoreGraphics+Geometry.swift"; sourceTree = "<group>"; };
		EDDE1DB31E45047200652D66 /* chime_bell_ding.wav */ = {isa = PBXFileReference; lastKnownFileType = audio.wav; name = chime_bell_ding.wav; path = Sounds/chime_bell_ding.wav; sourceTree = "<group>"; };
		EDDE1DB41E45047200652D66 /* click_04.wav */ = {isa = PBXFileReference; lastKnownFileType = audio.wav; name = click_04.wav; path = Sounds/click_04.wav; sourceTree = "<group>"; };
		EDDE1DB51E45047200652D66 /* digi_plink.wav */ = {isa = PBXFileReference; lastKnownFileType = audio.wav; name = digi_plink.wav; path = Sounds/digi_plink.wav; sourceTree = "<group>"; };
		EDEF06E11E43CA1800A69FC4 /* TimerTableViewController.swift */ = {isa = PBXFileReference; fileEncoding = 4; lastKnownFileType = sourcecode.swift; path = TimerTableViewController.swift; sourceTree = "<group>"; };
		EDEF06E31E4489EE00A69FC4 /* TimerPickerViewController.swift */ = {isa = PBXFileReference; fileEncoding = 4; lastKnownFileType = sourcecode.swift; path = TimerPickerViewController.swift; sourceTree = "<group>"; };
/* End PBXFileReference section */

/* Begin PBXFrameworksBuildPhase section */
		EDA1A84A1E3A6970001F1CBC /* Frameworks */ = {
			isa = PBXFrameworksBuildPhase;
			buildActionMask = 2147483647;
			files = (
			);
			runOnlyForDeploymentPostprocessing = 0;
		};
		EDA1A85E1E3A6971001F1CBC /* Frameworks */ = {
			isa = PBXFrameworksBuildPhase;
			buildActionMask = 2147483647;
			files = (
			);
			runOnlyForDeploymentPostprocessing = 0;
		};
		EDA1A8691E3A6971001F1CBC /* Frameworks */ = {
			isa = PBXFrameworksBuildPhase;
			buildActionMask = 2147483647;
			files = (
			);
			runOnlyForDeploymentPostprocessing = 0;
		};
/* End PBXFrameworksBuildPhase section */

/* Begin PBXGroup section */
		EDA1A8441E3A6970001F1CBC = {
			isa = PBXGroup;
			children = (
				EDA1A84F1E3A6970001F1CBC /* ChessTimer */,
				EDA1A8641E3A6971001F1CBC /* ChessTimerTests */,
				EDA1A86F1E3A6971001F1CBC /* ChessTimerUITests */,
				EDA1A84E1E3A6970001F1CBC /* Products */,
			);
			sourceTree = "<group>";
		};
		EDA1A84E1E3A6970001F1CBC /* Products */ = {
			isa = PBXGroup;
			children = (
				EDA1A84D1E3A6970001F1CBC /* ChessTimer.app */,
				EDA1A8611E3A6971001F1CBC /* ChessTimerTests.xctest */,
				EDA1A86C1E3A6971001F1CBC /* ChessTimerUITests.xctest */,
			);
			name = Products;
			sourceTree = "<group>";
		};
		EDA1A84F1E3A6970001F1CBC /* ChessTimer */ = {
			isa = PBXGroup;
			children = (
				EDA1A87E1E3A69AE001F1CBC /* Model */,
				EDA1A8501E3A6970001F1CBC /* AppDelegate.swift */,
				EDA1A87F1E3A6EB3001F1CBC /* Views */,
				EDA1A8801E3A6EC6001F1CBC /* Controllers */,
				EDA1A8541E3A6970001F1CBC /* Main.storyboard */,
				EDDE1DB91E45047E00652D66 /* Sounds */,
				EDA1A8571E3A6970001F1CBC /* Assets.xcassets */,
				EDA1A8591E3A6970001F1CBC /* LaunchScreen.storyboard */,
				EDA1A85C1E3A6970001F1CBC /* Info.plist */,
			);
			path = ChessTimer;
			sourceTree = "<group>";
		};
		EDA1A8641E3A6971001F1CBC /* ChessTimerTests */ = {
			isa = PBXGroup;
			children = (
				EDA1A8651E3A6971001F1CBC /* ChessTimerTests.swift */,
				EDA1A8671E3A6971001F1CBC /* Info.plist */,
			);
			path = ChessTimerTests;
			sourceTree = "<group>";
		};
		EDA1A86F1E3A6971001F1CBC /* ChessTimerUITests */ = {
			isa = PBXGroup;
			children = (
				EDA1A8701E3A6971001F1CBC /* ChessTimerUITests.swift */,
				EDA1A8721E3A6971001F1CBC /* Info.plist */,
			);
			path = ChessTimerUITests;
			sourceTree = "<group>";
		};
		EDA1A87E1E3A69AE001F1CBC /* Model */ = {
			isa = PBXGroup;
			children = (
				EDA1A8851E3A7406001F1CBC /* PlayerTimer.swift */,
				EDA1A8871E3A741E001F1CBC /* GameTimer.swift */,
			);
			name = Model;
			sourceTree = "<group>";
		};
		EDA1A87F1E3A6EB3001F1CBC /* Views */ = {
			isa = PBXGroup;
			children = (
				EDA1A8991E3B59AC001F1CBC /* Drawing */,
				EDA1A8811E3A71BC001F1CBC /* PlayerTimerView.swift */,
				EDA1A8831E3A722D001F1CBC /* ClockFaceView.swift */,
				EDA1A8951E3B4E16001F1CBC /* TrianglePointerView.swift */,
			);
			name = Views;
			sourceTree = "<group>";
		};
		EDA1A8801E3A6EC6001F1CBC /* Controllers */ = {
			isa = PBXGroup;
			children = (
				EDA1A8521E3A6970001F1CBC /* ClockViewController.swift */,
				EDEF06E11E43CA1800A69FC4 /* TimerTableViewController.swift */,
				EDEF06E31E4489EE00A69FC4 /* TimerPickerViewController.swift */,
			);
			name = Controllers;
			sourceTree = "<group>";
		};
		EDA1A8991E3B59AC001F1CBC /* Drawing */ = {
			isa = PBXGroup;
			children = (
				EDA1A8891E3A7955001F1CBC /* Drawable.swift */,
				EDA1A8971E3B5090001F1CBC /* CoreGraphics+Geometry.swift */,
				EDA1A8911E3A8188001F1CBC /* ClockFace.swift */,
			);
			name = Drawing;
			sourceTree = "<group>";
		};
		EDDE1DB91E45047E00652D66 /* Sounds */ = {
			isa = PBXGroup;
			children = (
				EDDE1DB31E45047200652D66 /* chime_bell_ding.wav */,
				EDDE1DB41E45047200652D66 /* click_04.wav */,
				EDDE1DB51E45047200652D66 /* digi_plink.wav */,
			);
			name = Sounds;
			sourceTree = "<group>";
		};
/* End PBXGroup section */

/* Begin PBXNativeTarget section */
		EDA1A84C1E3A6970001F1CBC /* ChessTimer */ = {
			isa = PBXNativeTarget;
			buildConfigurationList = EDA1A8751E3A6971001F1CBC /* Build configuration list for PBXNativeTarget "ChessTimer" */;
			buildPhases = (
				EDA1A8491E3A6970001F1CBC /* Sources */,
				EDA1A84A1E3A6970001F1CBC /* Frameworks */,
				EDA1A84B1E3A6970001F1CBC /* Resources */,
			);
			buildRules = (
			);
			dependencies = (
			);
			name = ChessTimer;
			productName = ChessTimer;
			productReference = EDA1A84D1E3A6970001F1CBC /* ChessTimer.app */;
			productType = "com.apple.product-type.application";
		};
		EDA1A8601E3A6971001F1CBC /* ChessTimerTests */ = {
			isa = PBXNativeTarget;
			buildConfigurationList = EDA1A8781E3A6971001F1CBC /* Build configuration list for PBXNativeTarget "ChessTimerTests" */;
			buildPhases = (
				EDA1A85D1E3A6971001F1CBC /* Sources */,
				EDA1A85E1E3A6971001F1CBC /* Frameworks */,
				EDA1A85F1E3A6971001F1CBC /* Resources */,
			);
			buildRules = (
			);
			dependencies = (
				EDA1A8631E3A6971001F1CBC /* PBXTargetDependency */,
			);
			name = ChessTimerTests;
			productName = ChessTimerTests;
			productReference = EDA1A8611E3A6971001F1CBC /* ChessTimerTests.xctest */;
			productType = "com.apple.product-type.bundle.unit-test";
		};
		EDA1A86B1E3A6971001F1CBC /* ChessTimerUITests */ = {
			isa = PBXNativeTarget;
			buildConfigurationList = EDA1A87B1E3A6971001F1CBC /* Build configuration list for PBXNativeTarget "ChessTimerUITests" */;
			buildPhases = (
				EDA1A8681E3A6971001F1CBC /* Sources */,
				EDA1A8691E3A6971001F1CBC /* Frameworks */,
				EDA1A86A1E3A6971001F1CBC /* Resources */,
			);
			buildRules = (
			);
			dependencies = (
				EDA1A86E1E3A6971001F1CBC /* PBXTargetDependency */,
			);
			name = ChessTimerUITests;
			productName = ChessTimerUITests;
			productReference = EDA1A86C1E3A6971001F1CBC /* ChessTimerUITests.xctest */;
			productType = "com.apple.product-type.bundle.ui-testing";
		};
/* End PBXNativeTarget section */

/* Begin PBXProject section */
		EDA1A8451E3A6970001F1CBC /* Project object */ = {
			isa = PBXProject;
			attributes = {
				LastSwiftUpdateCheck = 0820;
				LastUpgradeCheck = 0820;
				ORGANIZATIONNAME = "David Crooks";
				TargetAttributes = {
					EDA1A84C1E3A6970001F1CBC = {
						CreatedOnToolsVersion = 8.2.1;
						DevelopmentTeam = 84Y3R5UC5Q;
						ProvisioningStyle = Automatic;
					};
					EDA1A8601E3A6971001F1CBC = {
						CreatedOnToolsVersion = 8.2.1;
						ProvisioningStyle = Automatic;
						TestTargetID = EDA1A84C1E3A6970001F1CBC;
					};
					EDA1A86B1E3A6971001F1CBC = {
						CreatedOnToolsVersion = 8.2.1;
						ProvisioningStyle = Automatic;
						TestTargetID = EDA1A84C1E3A6970001F1CBC;
					};
				};
			};
			buildConfigurationList = EDA1A8481E3A6970001F1CBC /* Build configuration list for PBXProject "ChessTimer" */;
			compatibilityVersion = "Xcode 3.2";
			developmentRegion = English;
			hasScannedForEncodings = 0;
			knownRegions = (
				en,
				Base,
			);
			mainGroup = EDA1A8441E3A6970001F1CBC;
			productRefGroup = EDA1A84E1E3A6970001F1CBC /* Products */;
			projectDirPath = "";
			projectRoot = "";
			targets = (
				EDA1A84C1E3A6970001F1CBC /* ChessTimer */,
				EDA1A8601E3A6971001F1CBC /* ChessTimerTests */,
				EDA1A86B1E3A6971001F1CBC /* ChessTimerUITests */,
			);
		};
/* End PBXProject section */

/* Begin PBXResourcesBuildPhase section */
		EDA1A84B1E3A6970001F1CBC /* Resources */ = {
			isa = PBXResourcesBuildPhase;
			buildActionMask = 2147483647;
			files = (
				EDDE1DB61E45047200652D66 /* chime_bell_ding.wav in Resources */,
				EDA1A85B1E3A6970001F1CBC /* LaunchScreen.storyboard in Resources */,
				EDDE1DB81E45047200652D66 /* digi_plink.wav in Resources */,
				EDA1A8581E3A6970001F1CBC /* Assets.xcassets in Resources */,
				EDA1A8561E3A6970001F1CBC /* Main.storyboard in Resources */,
				EDDE1DB71E45047200652D66 /* click_04.wav in Resources */,
			);
			runOnlyForDeploymentPostprocessing = 0;
		};
		EDA1A85F1E3A6971001F1CBC /* Resources */ = {
			isa = PBXResourcesBuildPhase;
			buildActionMask = 2147483647;
			files = (
			);
			runOnlyForDeploymentPostprocessing = 0;
		};
		EDA1A86A1E3A6971001F1CBC /* Resources */ = {
			isa = PBXResourcesBuildPhase;
			buildActionMask = 2147483647;
			files = (
			);
			runOnlyForDeploymentPostprocessing = 0;
		};
/* End PBXResourcesBuildPhase section */

/* Begin PBXSourcesBuildPhase section */
		EDA1A8491E3A6970001F1CBC /* Sources */ = {
			isa = PBXSourcesBuildPhase;
			buildActionMask = 2147483647;
			files = (
				EDA1A8981E3B5090001F1CBC /* CoreGraphics+Geometry.swift in Sources */,
				EDA1A8841E3A722D001F1CBC /* ClockFaceView.swift in Sources */,
				EDA1A8531E3A6970001F1CBC /* ClockViewController.swift in Sources */,
				EDA1A88A1E3A7955001F1CBC /* Drawable.swift in Sources */,
				EDA1A8511E3A6970001F1CBC /* AppDelegate.swift in Sources */,
				EDEF06E21E43CA1800A69FC4 /* TimerTableViewController.swift in Sources */,
				EDA1A8861E3A7406001F1CBC /* PlayerTimer.swift in Sources */,
				EDA1A8921E3A8188001F1CBC /* ClockFace.swift in Sources */,
				EDEF06E41E4489EE00A69FC4 /* TimerPickerViewController.swift in Sources */,
				EDA1A8821E3A71BC001F1CBC /* PlayerTimerView.swift in Sources */,
				EDA1A8961E3B4E16001F1CBC /* TrianglePointerView.swift in Sources */,
				EDA1A8881E3A741E001F1CBC /* GameTimer.swift in Sources */,
			);
			runOnlyForDeploymentPostprocessing = 0;
		};
		EDA1A85D1E3A6971001F1CBC /* Sources */ = {
			isa = PBXSourcesBuildPhase;
			buildActionMask = 2147483647;
			files = (
				EDA1A8661E3A6971001F1CBC /* ChessTimerTests.swift in Sources */,
			);
			runOnlyForDeploymentPostprocessing = 0;
		};
		EDA1A8681E3A6971001F1CBC /* Sources */ = {
			isa = PBXSourcesBuildPhase;
			buildActionMask = 2147483647;
			files = (
				EDA1A8711E3A6971001F1CBC /* ChessTimerUITests.swift in Sources */,
			);
			runOnlyForDeploymentPostprocessing = 0;
		};
/* End PBXSourcesBuildPhase section */

/* Begin PBXTargetDependency section */
		EDA1A8631E3A6971001F1CBC /* PBXTargetDependency */ = {
			isa = PBXTargetDependency;
			target = EDA1A84C1E3A6970001F1CBC /* ChessTimer */;
			targetProxy = EDA1A8621E3A6971001F1CBC /* PBXContainerItemProxy */;
		};
		EDA1A86E1E3A6971001F1CBC /* PBXTargetDependency */ = {
			isa = PBXTargetDependency;
			target = EDA1A84C1E3A6970001F1CBC /* ChessTimer */;
			targetProxy = EDA1A86D1E3A6971001F1CBC /* PBXContainerItemProxy */;
		};
/* End PBXTargetDependency section */

/* Begin PBXVariantGroup section */
		EDA1A8541E3A6970001F1CBC /* Main.storyboard */ = {
			isa = PBXVariantGroup;
			children = (
				EDA1A8551E3A6970001F1CBC /* Base */,
			);
			name = Main.storyboard;
			sourceTree = "<group>";
		};
		EDA1A8591E3A6970001F1CBC /* LaunchScreen.storyboard */ = {
			isa = PBXVariantGroup;
			children = (
				EDA1A85A1E3A6970001F1CBC /* Base */,
			);
			name = LaunchScreen.storyboard;
			sourceTree = "<group>";
		};
/* End PBXVariantGroup section */

/* Begin XCBuildConfiguration section */
		EDA1A8731E3A6971001F1CBC /* Debug */ = {
			isa = XCBuildConfiguration;
			buildSettings = {
				ALWAYS_SEARCH_USER_PATHS = NO;
				CLANG_ANALYZER_NONNULL = YES;
				CLANG_CXX_LANGUAGE_STANDARD = "gnu++0x";
				CLANG_CXX_LIBRARY = "libc++";
				CLANG_ENABLE_MODULES = YES;
				CLANG_ENABLE_OBJC_ARC = YES;
				CLANG_WARN_BOOL_CONVERSION = YES;
				CLANG_WARN_CONSTANT_CONVERSION = YES;
				CLANG_WARN_DIRECT_OBJC_ISA_USAGE = YES_ERROR;
				CLANG_WARN_DOCUMENTATION_COMMENTS = YES;
				CLANG_WARN_EMPTY_BODY = YES;
				CLANG_WARN_ENUM_CONVERSION = YES;
				CLANG_WARN_INFINITE_RECURSION = YES;
				CLANG_WARN_INT_CONVERSION = YES;
				CLANG_WARN_OBJC_ROOT_CLASS = YES_ERROR;
				CLANG_WARN_SUSPICIOUS_MOVE = YES;
				CLANG_WARN_UNREACHABLE_CODE = YES;
				CLANG_WARN__DUPLICATE_METHOD_MATCH = YES;
				"CODE_SIGN_IDENTITY[sdk=iphoneos*]" = "iPhone Developer";
				COPY_PHASE_STRIP = NO;
				DEBUG_INFORMATION_FORMAT = dwarf;
				ENABLE_STRICT_OBJC_MSGSEND = YES;
				ENABLE_TESTABILITY = YES;
				GCC_C_LANGUAGE_STANDARD = gnu99;
				GCC_DYNAMIC_NO_PIC = NO;
				GCC_NO_COMMON_BLOCKS = YES;
				GCC_OPTIMIZATION_LEVEL = 0;
				GCC_PREPROCESSOR_DEFINITIONS = (
					"DEBUG=1",
					"$(inherited)",
				);
				GCC_WARN_64_TO_32_BIT_CONVERSION = YES;
				GCC_WARN_ABOUT_RETURN_TYPE = YES_ERROR;
				GCC_WARN_UNDECLARED_SELECTOR = YES;
				GCC_WARN_UNINITIALIZED_AUTOS = YES_AGGRESSIVE;
				GCC_WARN_UNUSED_FUNCTION = YES;
				GCC_WARN_UNUSED_VARIABLE = YES;
				IPHONEOS_DEPLOYMENT_TARGET = 10.2;
				MTL_ENABLE_DEBUG_INFO = YES;
				ONLY_ACTIVE_ARCH = YES;
				SDKROOT = iphoneos;
				SWIFT_ACTIVE_COMPILATION_CONDITIONS = DEBUG;
				SWIFT_OPTIMIZATION_LEVEL = "-Onone";
				TARGETED_DEVICE_FAMILY = "1,2";
			};
			name = Debug;
		};
		EDA1A8741E3A6971001F1CBC /* Release */ = {
			isa = XCBuildConfiguration;
			buildSettings = {
				ALWAYS_SEARCH_USER_PATHS = NO;
				CLANG_ANALYZER_NONNULL = YES;
				CLANG_CXX_LANGUAGE_STANDARD = "gnu++0x";
				CLANG_CXX_LIBRARY = "libc++";
				CLANG_ENABLE_MODULES = YES;
				CLANG_ENABLE_OBJC_ARC = YES;
				CLANG_WARN_BOOL_CONVERSION = YES;
				CLANG_WARN_CONSTANT_CONVERSION = YES;
				CLANG_WARN_DIRECT_OBJC_ISA_USAGE = YES_ERROR;
				CLANG_WARN_DOCUMENTATION_COMMENTS = YES;
				CLANG_WARN_EMPTY_BODY = YES;
				CLANG_WARN_ENUM_CONVERSION = YES;
				CLANG_WARN_INFINITE_RECURSION = YES;
				CLANG_WARN_INT_CONVERSION = YES;
				CLANG_WARN_OBJC_ROOT_CLASS = YES_ERROR;
				CLANG_WARN_SUSPICIOUS_MOVE = YES;
				CLANG_WARN_UNREACHABLE_CODE = YES;
				CLANG_WARN__DUPLICATE_METHOD_MATCH = YES;
				"CODE_SIGN_IDENTITY[sdk=iphoneos*]" = "iPhone Developer";
				COPY_PHASE_STRIP = NO;
				DEBUG_INFORMATION_FORMAT = "dwarf-with-dsym";
				ENABLE_NS_ASSERTIONS = NO;
				ENABLE_STRICT_OBJC_MSGSEND = YES;
				GCC_C_LANGUAGE_STANDARD = gnu99;
				GCC_NO_COMMON_BLOCKS = YES;
				GCC_WARN_64_TO_32_BIT_CONVERSION = YES;
				GCC_WARN_ABOUT_RETURN_TYPE = YES_ERROR;
				GCC_WARN_UNDECLARED_SELECTOR = YES;
				GCC_WARN_UNINITIALIZED_AUTOS = YES_AGGRESSIVE;
				GCC_WARN_UNUSED_FUNCTION = YES;
				GCC_WARN_UNUSED_VARIABLE = YES;
				IPHONEOS_DEPLOYMENT_TARGET = 10.2;
				MTL_ENABLE_DEBUG_INFO = NO;
				SDKROOT = iphoneos;
				SWIFT_OPTIMIZATION_LEVEL = "-Owholemodule";
				TARGETED_DEVICE_FAMILY = "1,2";
				VALIDATE_PRODUCT = YES;
			};
			name = Release;
		};
		EDA1A8761E3A6971001F1CBC /* Debug */ = {
			isa = XCBuildConfiguration;
			buildSettings = {
				ASSETCATALOG_COMPILER_APPICON_NAME = AppIcon;
				DEVELOPMENT_TEAM = 84Y3R5UC5Q;
				INFOPLIST_FILE = ChessTimer/Info.plist;
				IPHONEOS_DEPLOYMENT_TARGET = 9.0;
				LD_RUNPATH_SEARCH_PATHS = "$(inherited) @executable_path/Frameworks";
				PRODUCT_BUNDLE_IDENTIFIER = DavidCrooks.ChessTimer;
				PRODUCT_NAME = "$(TARGET_NAME)";
				SWIFT_VERSION = 3.0;
			};
			name = Debug;
		};
		EDA1A8771E3A6971001F1CBC /* Release */ = {
			isa = XCBuildConfiguration;
			buildSettings = {
				ASSETCATALOG_COMPILER_APPICON_NAME = AppIcon;
				DEVELOPMENT_TEAM = 84Y3R5UC5Q;
				INFOPLIST_FILE = ChessTimer/Info.plist;
				IPHONEOS_DEPLOYMENT_TARGET = 9.0;
				LD_RUNPATH_SEARCH_PATHS = "$(inherited) @executable_path/Frameworks";
				PRODUCT_BUNDLE_IDENTIFIER = DavidCrooks.ChessTimer;
				PRODUCT_NAME = "$(TARGET_NAME)";
				SWIFT_VERSION = 3.0;
			};
			name = Release;
		};
		EDA1A8791E3A6971001F1CBC /* Debug */ = {
			isa = XCBuildConfiguration;
			buildSettings = {
				ALWAYS_EMBED_SWIFT_STANDARD_LIBRARIES = YES;
				BUNDLE_LOADER = "$(TEST_HOST)";
				INFOPLIST_FILE = ChessTimerTests/Info.plist;
				LD_RUNPATH_SEARCH_PATHS = "$(inherited) @executable_path/Frameworks @loader_path/Frameworks";
				PRODUCT_BUNDLE_IDENTIFIER = DavidCrooks.ChessTimerTests;
				PRODUCT_NAME = "$(TARGET_NAME)";
				SWIFT_VERSION = 3.0;
				TEST_HOST = "$(BUILT_PRODUCTS_DIR)/ChessTimer.app/ChessTimer";
			};
			name = Debug;
		};
		EDA1A87A1E3A6971001F1CBC /* Release */ = {
			isa = XCBuildConfiguration;
			buildSettings = {
				ALWAYS_EMBED_SWIFT_STANDARD_LIBRARIES = YES;
				BUNDLE_LOADER = "$(TEST_HOST)";
				INFOPLIST_FILE = ChessTimerTests/Info.plist;
				LD_RUNPATH_SEARCH_PATHS = "$(inherited) @executable_path/Frameworks @loader_path/Frameworks";
				PRODUCT_BUNDLE_IDENTIFIER = DavidCrooks.ChessTimerTests;
				PRODUCT_NAME = "$(TARGET_NAME)";
				SWIFT_VERSION = 3.0;
				TEST_HOST = "$(BUILT_PRODUCTS_DIR)/ChessTimer.app/ChessTimer";
			};
			name = Release;
		};
		EDA1A87C1E3A6971001F1CBC /* Debug */ = {
			isa = XCBuildConfiguration;
			buildSettings = {
				ALWAYS_EMBED_SWIFT_STANDARD_LIBRARIES = YES;
				INFOPLIST_FILE = ChessTimerUITests/Info.plist;
				LD_RUNPATH_SEARCH_PATHS = "$(inherited) @executable_path/Frameworks @loader_path/Frameworks";
				PRODUCT_BUNDLE_IDENTIFIER = DavidCrooks.ChessTimerUITests;
				PRODUCT_NAME = "$(TARGET_NAME)";
				SWIFT_VERSION = 3.0;
				TEST_TARGET_NAME = ChessTimer;
			};
			name = Debug;
		};
		EDA1A87D1E3A6971001F1CBC /* Release */ = {
			isa = XCBuildConfiguration;
			buildSettings = {
				ALWAYS_EMBED_SWIFT_STANDARD_LIBRARIES = YES;
				INFOPLIST_FILE = ChessTimerUITests/Info.plist;
				LD_RUNPATH_SEARCH_PATHS = "$(inherited) @executable_path/Frameworks @loader_path/Frameworks";
				PRODUCT_BUNDLE_IDENTIFIER = DavidCrooks.ChessTimerUITests;
				PRODUCT_NAME = "$(TARGET_NAME)";
				SWIFT_VERSION = 3.0;
				TEST_TARGET_NAME = ChessTimer;
			};
			name = Release;
		};
/* End XCBuildConfiguration section */

/* Begin XCConfigurationList section */
		EDA1A8481E3A6970001F1CBC /* Build configuration list for PBXProject "ChessTimer" */ = {
			isa = XCConfigurationList;
			buildConfigurations = (
				EDA1A8731E3A6971001F1CBC /* Debug */,
				EDA1A8741E3A6971001F1CBC /* Release */,
			);
			defaultConfigurationIsVisible = 0;
			defaultConfigurationName = Release;
		};
		EDA1A8751E3A6971001F1CBC /* Build configuration list for PBXNativeTarget "ChessTimer" */ = {
			isa = XCConfigurationList;
			buildConfigurations = (
				EDA1A8761E3A6971001F1CBC /* Debug */,
				EDA1A8771E3A6971001F1CBC /* Release */,
			);
			defaultConfigurationIsVisible = 0;
			defaultConfigurationName = Release;
		};
		EDA1A8781E3A6971001F1CBC /* Build configuration list for PBXNativeTarget "ChessTimerTests" */ = {
			isa = XCConfigurationList;
			buildConfigurations = (
				EDA1A8791E3A6971001F1CBC /* Debug */,
				EDA1A87A1E3A6971001F1CBC /* Release */,
			);
			defaultConfigurationIsVisible = 0;
			defaultConfigurationName = Release;
		};
		EDA1A87B1E3A6971001F1CBC /* Build configuration list for PBXNativeTarget "ChessTimerUITests" */ = {
			isa = XCConfigurationList;
			buildConfigurations = (
				EDA1A87C1E3A6971001F1CBC /* Debug */,
				EDA1A87D1E3A6971001F1CBC /* Release */,
			);
			defaultConfigurationIsVisible = 0;
			defaultConfigurationName = Release;
		};
/* End XCConfigurationList section */
	};
	rootObject = EDA1A8451E3A6970001F1CBC /* Project object */;
}
